{
  "version": 4,
  "terraform_version": "0.13.0",
  "serial": 8,
  "lineage": "9a803d67-d314-ef22-9a51-fd10a325dd3d",
  "outputs": {
    "my_cidr": {
      "value": "10.0.0.0/16",
      "type": "string"
    }
  },
  "resources": [
    {
      "mode": "managed",
      "type": "aws_vpc",
      "name": "my_vpc",
      "provider": "provider[\"registry.terraform.io/hashicorp/aws\"]",
      "instances": [
        {
          "schema_version": 1,
          "attributes": {
            "arn": "arn:aws:ec2:us-east-1:902972204377:vpc/vpc-0d06a1f069619e7dc",
            "assign_generated_ipv6_cidr_block": false,
            "cidr_block": "10.0.0.0/16",
            "default_network_acl_id": "acl-0a1d57ef41c432ac4",
            "default_route_table_id": "rtb-0e35e313a53a98a16",
            "default_security_group_id": "sg-062bf71a25c4760b2",
            "dhcp_options_id": "dopt-3b4ad641",
            "enable_classiclink": false,
            "enable_classiclink_dns_support": false,
            "enable_dns_hostnames": false,
            "enable_dns_support": true,
            "id": "vpc-0d06a1f069619e7dc",
            "instance_tenancy": "default",
            "ipv6_association_id": "",
            "ipv6_cidr_block": "",
            "main_route_table_id": "rtb-0e35e313a53a98a16",
            "owner_id": "902972204377",
            "tags": {
              "Env": "Dev",
              "Name": "JavaHomeVpc"
            }
          },
          "private": "eyJzY2hlbWFfdmVyc2lvbiI6IjEifQ=="
        }
      ]
    }
  ]
}
